
Microsoft Visual Studio Solution File, Format Version 12.00
# Visual Studio Version 17
VisualStudioVersion = 17.0.31912.275
MinimumVisualStudioVersion = 10.0.40219.1
Project("{9A19103F-16F7-4668-BE54-9A1E7A4F7556}") = "GeneratePaySlip", "Myob_Test\GeneratePaySlip.csproj", "{F38A4802-014F-4227-949D-2515AB080AB2}"
EndProject
Project("{9A19103F-16F7-4668-BE54-9A1E7A4F7556}") = "GeneratePaySlipTests", "Myob_Test_Tests\GeneratePaySlipTests.csproj", "{947015AC-2776-4C9B-8445-9B611542A299}"
EndProject
Global
	GlobalSection(SolutionConfigurationPlatforms) = preSolution
		Debug|Any CPU = Debug|Any CPU
		Release|Any CPU = Release|Any CPU
	EndGlobalSection
	GlobalSection(ProjectConfigurationPlatforms) = postSolution
		{F38A4802-014F-4227-949D-2515AB080AB2}.Debug|Any CPU.ActiveCfg = Debug|Any CPU
		{F38A4802-014F-4227-949D-2515AB080AB2}.Debug|Any CPU.Build.0 = Debug|Any CPU
		{F38A4802-014F-4227-949D-2515AB080AB2}.Release|Any CPU.ActiveCfg = Release|Any CPU
		{F38A4802-014F-4227-949D-2515AB080AB2}.Release|Any CPU.Build.0 = Release|Any CPU
		{947015AC-2776-4C9B-8445-9B611542A299}.Debug|Any CPU.ActiveCfg = Debug|Any CPU
		{947015AC-2776-4C9B-8445-9B611542A299}.Debug|Any CPU.Build.0 = Debug|Any CPU
		{947015AC-2776-4C9B-8445-9B611542A299}.Release|Any CPU.ActiveCfg = Release|Any CPU
		{947015AC-2776-4C9B-8445-9B611542A299}.Release|Any CPU.Build.0 = Release|Any CPU
	EndGlobalSection
	GlobalSection(SolutionProperties) = preSolution
		HideSolutionNode = FALSE
	EndGlobalSection
	GlobalSection(ExtensibilityGlobals) = postSolution
		SolutionGuid = {38087129-A65E-47E4-BD86-5BF950A9964B}
	EndGlobalSection
EndGlobal
